
Microsoft Visual Studio Solution File, Format Version 12.00
# Visual Studio Version 16
VisualStudioVersion = 16.0.32630.194
MinimumVisualStudioVersion = 10.0.40219.1
Project("{FAE04EC0-301F-11D3-BF4B-00C04F79EFBC}") = "Basic Programs", "Basic Programs.csproj", "{B76E1F53-BECB-43F6-BB35-62F16A818D4B}"
EndProject
Global
	GlobalSection(SolutionConfigurationPlatforms) = preSolution
		Debug|Any CPU = Debug|Any CPU
		Release|Any CPU = Release|Any CPU
	EndGlobalSection
	GlobalSection(ProjectConfigurationPlatforms) = postSolution
		{B76E1F53-BECB-43F6-BB35-62F16A818D4B}.Debug|Any CPU.ActiveCfg = Debug|Any CPU
		{B76E1F53-BECB-43F6-BB35-62F16A818D4B}.Debug|Any CPU.Build.0 = Debug|Any CPU
		{B76E1F53-BECB-43F6-BB35-62F16A818D4B}.Release|Any CPU.ActiveCfg = Release|Any CPU
		{B76E1F53-BECB-43F6-BB35-62F16A818D4B}.Release|Any CPU.Build.0 = Release|Any CPU
	EndGlobalSection
	GlobalSection(SolutionProperties) = preSolution
		HideSolutionNode = FALSE
	EndGlobalSection
	GlobalSection(ExtensibilityGlobals) = postSolution
		SolutionGuid = {48467F82-0806-4C81-A022-166F53EF85F4}
	EndGlobalSection
EndGlobal
